
Microsoft Visual Studio Solution File, Format Version 12.00
# Visual Studio Version 17
VisualStudioVersion = 17.11.35327.3
MinimumVisualStudioVersion = 10.0.40219.1
Project("{FAE04EC0-301F-11D3-BF4B-00C04F79EFBC}") = "OrderManagement.Core.ApplicationService", "src\1.Core\ApplicationService\OrderManagement.Core.ApplicationService.csproj", "{4D796C09-3350-45D9-B372-B6D1E8EA723C}"
EndProject
Project("{FAE04EC0-301F-11D3-BF4B-00C04F79EFBC}") = "OrderManagement.Core.Contracts", "src\1.Core\Contracts\OrderManagement.Core.Contracts.csproj", "{E3C4CA30-C8A1-4038-B708-862E94DBEFB8}"
EndProject
Project("{FAE04EC0-301F-11D3-BF4B-00C04F79EFBC}") = "OrderManagement.Core.Domain", "src\1.Core\Domain\OrderManagement.Core.Domain.csproj", "{307ECF69-5403-4723-9B92-1F4DFC0C33CD}"
EndProject
Project("{FAE04EC0-301F-11D3-BF4B-00C04F79EFBC}") = "OrderManagement.Core.RequestResponse", "src\1.Core\RequestResponse\OrderManagement.Core.RequestResponse.csproj", "{D5C56B6A-754A-4253-B861-F226059D0576}"
EndProject
Project("{FAE04EC0-301F-11D3-BF4B-00C04F79EFBC}") = "OrderManagement.Core.Resources", "src\1.Core\Resources\OrderManagement.Core.Resources.csproj", "{92B6D7C9-1C58-48A6-870B-05427367B62B}"
EndProject
Project("{FAE04EC0-301F-11D3-BF4B-00C04F79EFBC}") = "OrderManagement.Infra.Data.Sql.Commands", "src\2.Infra\Data\Sql.Commands\OrderManagement.Infra.Data.Sql.Commands.csproj", "{499CBF3B-CCE2-4A6A-8E5A-ABC26B309CE6}"
EndProject
Project("{FAE04EC0-301F-11D3-BF4B-00C04F79EFBC}") = "OrderManagement.Infra.Data.Sql.Queries", "src\2.Infra\Data\Sql.Queries\OrderManagement.Infra.Data.Sql.Queries.csproj", "{84E7D742-2EC2-48D1-BFFC-CEDFFD74D45E}"
EndProject
Project("{FAE04EC0-301F-11D3-BF4B-00C04F79EFBC}") = "OrderManagement.Endpoints.API", "src\3.Endpoints\API\OrderManagement.Endpoints.API.csproj", "{0AF34491-496A-4977-AD99-018AA97309DA}"
EndProject
Project("{2150E333-8FDC-42A3-9474-1A3956D46DE8}") = "1.Core", "1.Core", "{A200DCFA-CC11-4E9E-8F67-716A6A5B710B}"
EndProject
Project("{2150E333-8FDC-42A3-9474-1A3956D46DE8}") = "2.Infra", "2.Infra", "{D60F4680-9F4F-40C7-A7C0-79F28107E31F}"
EndProject
Project("{2150E333-8FDC-42A3-9474-1A3956D46DE8}") = "3.EndPoints", "3.EndPoints", "{A0F1B242-5D37-4F40-849D-4DD77A954A23}"
EndProject
Project("{2150E333-8FDC-42A3-9474-1A3956D46DE8}") = "Data", "Data", "{74277B01-393F-4F3E-B557-23767AC5B5CF}"
EndProject
Global
	GlobalSection(SolutionConfigurationPlatforms) = preSolution
		Debug|Any CPU = Debug|Any CPU
		Release|Any CPU = Release|Any CPU
	EndGlobalSection
	GlobalSection(ProjectConfigurationPlatforms) = postSolution
		{4D796C09-3350-45D9-B372-B6D1E8EA723C}.Debug|Any CPU.ActiveCfg = Debug|Any CPU
		{4D796C09-3350-45D9-B372-B6D1E8EA723C}.Debug|Any CPU.Build.0 = Debug|Any CPU
		{4D796C09-3350-45D9-B372-B6D1E8EA723C}.Release|Any CPU.ActiveCfg = Release|Any CPU
		{4D796C09-3350-45D9-B372-B6D1E8EA723C}.Release|Any CPU.Build.0 = Release|Any CPU
		{E3C4CA30-C8A1-4038-B708-862E94DBEFB8}.Debug|Any CPU.ActiveCfg = Debug|Any CPU
		{E3C4CA30-C8A1-4038-B708-862E94DBEFB8}.Debug|Any CPU.Build.0 = Debug|Any CPU
		{E3C4CA30-C8A1-4038-B708-862E94DBEFB8}.Release|Any CPU.ActiveCfg = Release|Any CPU
		{E3C4CA30-C8A1-4038-B708-862E94DBEFB8}.Release|Any CPU.Build.0 = Release|Any CPU
		{307ECF69-5403-4723-9B92-1F4DFC0C33CD}.Debug|Any CPU.ActiveCfg = Debug|Any CPU
		{307ECF69-5403-4723-9B92-1F4DFC0C33CD}.Debug|Any CPU.Build.0 = Debug|Any CPU
		{307ECF69-5403-4723-9B92-1F4DFC0C33CD}.Release|Any CPU.ActiveCfg = Release|Any CPU
		{307ECF69-5403-4723-9B92-1F4DFC0C33CD}.Release|Any CPU.Build.0 = Release|Any CPU
		{D5C56B6A-754A-4253-B861-F226059D0576}.Debug|Any CPU.ActiveCfg = Debug|Any CPU
		{D5C56B6A-754A-4253-B861-F226059D0576}.Debug|Any CPU.Build.0 = Debug|Any CPU
		{D5C56B6A-754A-4253-B861-F226059D0576}.Release|Any CPU.ActiveCfg = Release|Any CPU
		{D5C56B6A-754A-4253-B861-F226059D0576}.Release|Any CPU.Build.0 = Release|Any CPU
		{92B6D7C9-1C58-48A6-870B-05427367B62B}.Debug|Any CPU.ActiveCfg = Debug|Any CPU
		{92B6D7C9-1C58-48A6-870B-05427367B62B}.Debug|Any CPU.Build.0 = Debug|Any CPU
		{92B6D7C9-1C58-48A6-870B-05427367B62B}.Release|Any CPU.ActiveCfg = Release|Any CPU
		{92B6D7C9-1C58-48A6-870B-05427367B62B}.Release|Any CPU.Build.0 = Release|Any CPU
		{499CBF3B-CCE2-4A6A-8E5A-ABC26B309CE6}.Debug|Any CPU.ActiveCfg = Debug|Any CPU
		{499CBF3B-CCE2-4A6A-8E5A-ABC26B309CE6}.Debug|Any CPU.Build.0 = Debug|Any CPU
		{499CBF3B-CCE2-4A6A-8E5A-ABC26B309CE6}.Release|Any CPU.ActiveCfg = Release|Any CPU
		{499CBF3B-CCE2-4A6A-8E5A-ABC26B309CE6}.Release|Any CPU.Build.0 = Release|Any CPU
		{84E7D742-2EC2-48D1-BFFC-CEDFFD74D45E}.Debug|Any CPU.ActiveCfg = Debug|Any CPU
		{84E7D742-2EC2-48D1-BFFC-CEDFFD74D45E}.Debug|Any CPU.Build.0 = Debug|Any CPU
		{84E7D742-2EC2-48D1-BFFC-CEDFFD74D45E}.Release|Any CPU.ActiveCfg = Release|Any CPU
		{84E7D742-2EC2-48D1-BFFC-CEDFFD74D45E}.Release|Any CPU.Build.0 = Release|Any CPU
		{0AF34491-496A-4977-AD99-018AA97309DA}.Debug|Any CPU.ActiveCfg = Debug|Any CPU
		{0AF34491-496A-4977-AD99-018AA97309DA}.Debug|Any CPU.Build.0 = Debug|Any CPU
		{0AF34491-496A-4977-AD99-018AA97309DA}.Release|Any CPU.ActiveCfg = Release|Any CPU
		{0AF34491-496A-4977-AD99-018AA97309DA}.Release|Any CPU.Build.0 = Release|Any CPU
	EndGlobalSection
	GlobalSection(SolutionProperties) = preSolution
		HideSolutionNode = FALSE
	EndGlobalSection
	GlobalSection(NestedProjects) = preSolution
		{4D796C09-3350-45D9-B372-B6D1E8EA723C} = {A200DCFA-CC11-4E9E-8F67-716A6A5B710B}
		{E3C4CA30-C8A1-4038-B708-862E94DBEFB8} = {A200DCFA-CC11-4E9E-8F67-716A6A5B710B}
		{307ECF69-5403-4723-9B92-1F4DFC0C33CD} = {A200DCFA-CC11-4E9E-8F67-716A6A5B710B}
		{D5C56B6A-754A-4253-B861-F226059D0576} = {A200DCFA-CC11-4E9E-8F67-716A6A5B710B}
		{92B6D7C9-1C58-48A6-870B-05427367B62B} = {A200DCFA-CC11-4E9E-8F67-716A6A5B710B}
		{499CBF3B-CCE2-4A6A-8E5A-ABC26B309CE6} = {74277B01-393F-4F3E-B557-23767AC5B5CF}
		{84E7D742-2EC2-48D1-BFFC-CEDFFD74D45E} = {74277B01-393F-4F3E-B557-23767AC5B5CF}
		{0AF34491-496A-4977-AD99-018AA97309DA} = {A0F1B242-5D37-4F40-849D-4DD77A954A23}
		{74277B01-393F-4F3E-B557-23767AC5B5CF} = {D60F4680-9F4F-40C7-A7C0-79F28107E31F}
	EndGlobalSection
	GlobalSection(ExtensibilityGlobals) = postSolution
		SolutionGuid = {78CD0106-7A22-42D1-BF1E-E7A58FC58C42}
	EndGlobalSection
EndGlobal
